
Microsoft Visual Studio Solution File, Format Version 12.00
# Visual Studio Version 16
VisualStudioVersion = 16.0.30011.22
MinimumVisualStudioVersion = 10.0.40219.1
Project("{9A19103F-16F7-4668-BE54-9A1E7A4F7556}") = "CustomRenamer", "CustomRenamer.csproj", "{0380B42A-EF44-4C12-8AFB-9640C9D377C0}"
EndProject
Project("{9A19103F-16F7-4668-BE54-9A1E7A4F7556}") = "Shoko.Commons", "..\Shoko.Commons\Shoko.Commons.csproj", "{90B350D6-E736-4A38-A7E2-9E546FD859F2}"
EndProject
Project("{9A19103F-16F7-4668-BE54-9A1E7A4F7556}") = "Shoko.Models", "..\Shoko.Commons\Shoko.Models\Shoko.Models.csproj", "{9DE2D1D0-CC96-4C35-A001-43D184235B2E}"
EndProject
Project("{9A19103F-16F7-4668-BE54-9A1E7A4F7556}") = "Shoko.CLI", "..\Shoko.CLI\Shoko.CLI.csproj", "{19D254A1-DEFC-4B17-9414-CBF06B3BDFD2}"
	ProjectSection(ProjectDependencies) = postProject
		{49486928-96C8-4C72-8D99-B91357AD2020} = {49486928-96C8-4C72-8D99-B91357AD2020}
		{F8AB632B-A742-488C-9101-B1DB4CECE4FC} = {F8AB632B-A742-488C-9101-B1DB4CECE4FC}
		{D3EEB62B-A8B1-45EF-A0D1-4CC84CF9B3FD} = {D3EEB62B-A8B1-45EF-A0D1-4CC84CF9B3FD}
		{9B1F5578-D302-429E-B049-F34881AE7A7E} = {9B1F5578-D302-429E-B049-F34881AE7A7E}
		{0FB2A4B1-FDE9-4FC4-99A8-872DAE38A443} = {0FB2A4B1-FDE9-4FC4-99A8-872DAE38A443}
		{0244E5B9-A7CE-4D44-9989-774B85C7C5C6} = {0244E5B9-A7CE-4D44-9989-774B85C7C5C6}
		{012981CA-65A1-42D5-8E81-2FFD92EBADBA} = {012981CA-65A1-42D5-8E81-2FFD92EBADBA}
		{B1607CE8-DD79-4550-BCC4-22121B3C57A3} = {B1607CE8-DD79-4550-BCC4-22121B3C57A3}
	EndProjectSection
EndProject
Project("{9A19103F-16F7-4668-BE54-9A1E7A4F7556}") = "MediaInfoWrapper", "..\MediaInfoWrapper\MediaInfoWrapper.csproj", "{0244E5B9-A7CE-4D44-9989-774B85C7C5C6}"
EndProject
Project("{9A19103F-16F7-4668-BE54-9A1E7A4F7556}") = "NutzCode.CloudFileSystem", "..\CloudFileSystem\NutzCode.CloudFileSystem\NutzCode.CloudFileSystem.csproj", "{9B1F5578-D302-429E-B049-F34881AE7A7E}"
EndProject
Project("{9A19103F-16F7-4668-BE54-9A1E7A4F7556}") = "NutzCode.Libraries.Web", "..\CloudFileSystem\NutzCode.Libraries.Web\NutzCode.Libraries.Web.csproj", "{B1607CE8-DD79-4550-BCC4-22121B3C57A3}"
EndProject
Project("{9A19103F-16F7-4668-BE54-9A1E7A4F7556}") = "NutzCode.CloudFileSystem.OAuth.Windows.WPF", "..\CloudFileSystem\NutzCode.CloudFileSystem.OAuth.Windows.WPF\NutzCode.CloudFileSystem.OAuth.Windows.WPF.csproj", "{0FB2A4B1-FDE9-4FC4-99A8-872DAE38A443}"
EndProject
Project("{9A19103F-16F7-4668-BE54-9A1E7A4F7556}") = "NutzCode.CloudFileSystem.Plugins.AmazonCloudDrive", "..\CloudFileSystem\NutzCode.CloudFileSystem.Plugins.AmazonCloudDrive\NutzCode.CloudFileSystem.Plugins.AmazonCloudDrive.csproj", "{012981CA-65A1-42D5-8E81-2FFD92EBADBA}"
EndProject
Project("{9A19103F-16F7-4668-BE54-9A1E7A4F7556}") = "NutzCode.CloudFileSystem.Plugins.GoogleDrive", "..\CloudFileSystem\NutzCode.CloudFileSystem.Plugins.GoogleDrive\NutzCode.CloudFileSystem.Plugins.GoogleDrive.csproj", "{D3EEB62B-A8B1-45EF-A0D1-4CC84CF9B3FD}"
EndProject
Project("{9A19103F-16F7-4668-BE54-9A1E7A4F7556}") = "NutzCode.CloudFileSystem.Plugins.LocalFileSystem", "..\CloudFileSystem\NutzCode.CloudFileSystem.Plugins.LocalFileSystem\NutzCode.CloudFileSystem.Plugins.LocalFileSystem.csproj", "{49486928-96C8-4C72-8D99-B91357AD2020}"
EndProject
Project("{9A19103F-16F7-4668-BE54-9A1E7A4F7556}") = "NutzCode.CloudFileSystem.Plugins.OneDrive", "..\CloudFileSystem\NutzCode.CloudFileSystem.Plugins.OneDrive\NutzCode.CloudFileSystem.Plugins.OneDrive.csproj", "{F8AB632B-A742-488C-9101-B1DB4CECE4FC}"
EndProject
Project("{9A19103F-16F7-4668-BE54-9A1E7A4F7556}") = "Shoko.Server", "..\Shoko.Server\Shoko.Server.csproj", "{45740971-ADB5-4F8B-8AB0-64DD2297D68B}"
EndProject
Global
	GlobalSection(SolutionConfigurationPlatforms) = preSolution
		Debug|Any CPU = Debug|Any CPU
		Debug|x64 = Debug|x64
		Debug|x86 = Debug|x86
		Release|Any CPU = Release|Any CPU
		Release|x64 = Release|x64
		Release|x86 = Release|x86
	EndGlobalSection
	GlobalSection(ProjectConfigurationPlatforms) = postSolution
		{0380B42A-EF44-4C12-8AFB-9640C9D377C0}.Debug|Any CPU.ActiveCfg = Debug|Any CPU
		{0380B42A-EF44-4C12-8AFB-9640C9D377C0}.Debug|Any CPU.Build.0 = Debug|Any CPU
		{0380B42A-EF44-4C12-8AFB-9640C9D377C0}.Debug|x64.ActiveCfg = Debug|Any CPU
		{0380B42A-EF44-4C12-8AFB-9640C9D377C0}.Debug|x64.Build.0 = Debug|Any CPU
		{0380B42A-EF44-4C12-8AFB-9640C9D377C0}.Debug|x86.ActiveCfg = Debug|Any CPU
		{0380B42A-EF44-4C12-8AFB-9640C9D377C0}.Debug|x86.Build.0 = Debug|Any CPU
		{0380B42A-EF44-4C12-8AFB-9640C9D377C0}.Release|Any CPU.ActiveCfg = Release|Any CPU
		{0380B42A-EF44-4C12-8AFB-9640C9D377C0}.Release|Any CPU.Build.0 = Release|Any CPU
		{0380B42A-EF44-4C12-8AFB-9640C9D377C0}.Release|x64.ActiveCfg = Release|Any CPU
		{0380B42A-EF44-4C12-8AFB-9640C9D377C0}.Release|x64.Build.0 = Release|Any CPU
		{0380B42A-EF44-4C12-8AFB-9640C9D377C0}.Release|x86.ActiveCfg = Release|Any CPU
		{0380B42A-EF44-4C12-8AFB-9640C9D377C0}.Release|x86.Build.0 = Release|Any CPU
		{90B350D6-E736-4A38-A7E2-9E546FD859F2}.Debug|Any CPU.ActiveCfg = Debug|x86
		{90B350D6-E736-4A38-A7E2-9E546FD859F2}.Debug|x64.ActiveCfg = Debug|x64
		{90B350D6-E736-4A38-A7E2-9E546FD859F2}.Debug|x64.Build.0 = Debug|x64
		{90B350D6-E736-4A38-A7E2-9E546FD859F2}.Debug|x86.ActiveCfg = Debug|x86
		{90B350D6-E736-4A38-A7E2-9E546FD859F2}.Debug|x86.Build.0 = Debug|x86
		{90B350D6-E736-4A38-A7E2-9E546FD859F2}.Release|Any CPU.ActiveCfg = Release|x86
		{90B350D6-E736-4A38-A7E2-9E546FD859F2}.Release|x64.ActiveCfg = Release|x64
		{90B350D6-E736-4A38-A7E2-9E546FD859F2}.Release|x64.Build.0 = Release|x64
		{90B350D6-E736-4A38-A7E2-9E546FD859F2}.Release|x86.ActiveCfg = Release|x86
		{90B350D6-E736-4A38-A7E2-9E546FD859F2}.Release|x86.Build.0 = Release|x86
		{9DE2D1D0-CC96-4C35-A001-43D184235B2E}.Debug|Any CPU.ActiveCfg = Debug|x86
		{9DE2D1D0-CC96-4C35-A001-43D184235B2E}.Debug|x64.ActiveCfg = Debug|x64
		{9DE2D1D0-CC96-4C35-A001-43D184235B2E}.Debug|x64.Build.0 = Debug|x64
		{9DE2D1D0-CC96-4C35-A001-43D184235B2E}.Debug|x86.ActiveCfg = Debug|x86
		{9DE2D1D0-CC96-4C35-A001-43D184235B2E}.Debug|x86.Build.0 = Debug|x86
		{9DE2D1D0-CC96-4C35-A001-43D184235B2E}.Release|Any CPU.ActiveCfg = Release|x86
		{9DE2D1D0-CC96-4C35-A001-43D184235B2E}.Release|x64.ActiveCfg = Release|x64
		{9DE2D1D0-CC96-4C35-A001-43D184235B2E}.Release|x64.Build.0 = Release|x64
		{9DE2D1D0-CC96-4C35-A001-43D184235B2E}.Release|x86.ActiveCfg = Release|x86
		{9DE2D1D0-CC96-4C35-A001-43D184235B2E}.Release|x86.Build.0 = Release|x86
		{19D254A1-DEFC-4B17-9414-CBF06B3BDFD2}.Debug|Any CPU.ActiveCfg = Debug|Any CPU
		{19D254A1-DEFC-4B17-9414-CBF06B3BDFD2}.Debug|Any CPU.Build.0 = Debug|Any CPU
		{19D254A1-DEFC-4B17-9414-CBF06B3BDFD2}.Debug|x64.ActiveCfg = Debug|Any CPU
		{19D254A1-DEFC-4B17-9414-CBF06B3BDFD2}.Debug|x64.Build.0 = Debug|Any CPU
		{19D254A1-DEFC-4B17-9414-CBF06B3BDFD2}.Debug|x86.ActiveCfg = Debug|Any CPU
		{19D254A1-DEFC-4B17-9414-CBF06B3BDFD2}.Debug|x86.Build.0 = Debug|Any CPU
		{19D254A1-DEFC-4B17-9414-CBF06B3BDFD2}.Release|Any CPU.ActiveCfg = Release|Any CPU
		{19D254A1-DEFC-4B17-9414-CBF06B3BDFD2}.Release|Any CPU.Build.0 = Release|Any CPU
		{19D254A1-DEFC-4B17-9414-CBF06B3BDFD2}.Release|x64.ActiveCfg = Release|Any CPU
		{19D254A1-DEFC-4B17-9414-CBF06B3BDFD2}.Release|x64.Build.0 = Release|Any CPU
		{19D254A1-DEFC-4B17-9414-CBF06B3BDFD2}.Release|x86.ActiveCfg = Release|Any CPU
		{19D254A1-DEFC-4B17-9414-CBF06B3BDFD2}.Release|x86.Build.0 = Release|Any CPU
		{0244E5B9-A7CE-4D44-9989-774B85C7C5C6}.Debug|Any CPU.ActiveCfg = Debug|x86
		{0244E5B9-A7CE-4D44-9989-774B85C7C5C6}.Debug|x64.ActiveCfg = Debug|x64
		{0244E5B9-A7CE-4D44-9989-774B85C7C5C6}.Debug|x64.Build.0 = Debug|x64
		{0244E5B9-A7CE-4D44-9989-774B85C7C5C6}.Debug|x86.ActiveCfg = Debug|x86
		{0244E5B9-A7CE-4D44-9989-774B85C7C5C6}.Debug|x86.Build.0 = Debug|x86
		{0244E5B9-A7CE-4D44-9989-774B85C7C5C6}.Release|Any CPU.ActiveCfg = Release|x86
		{0244E5B9-A7CE-4D44-9989-774B85C7C5C6}.Release|x64.ActiveCfg = Release|x64
		{0244E5B9-A7CE-4D44-9989-774B85C7C5C6}.Release|x64.Build.0 = Release|x64
		{0244E5B9-A7CE-4D44-9989-774B85C7C5C6}.Release|x86.ActiveCfg = Release|x86
		{0244E5B9-A7CE-4D44-9989-774B85C7C5C6}.Release|x86.Build.0 = Release|x86
		{9B1F5578-D302-429E-B049-F34881AE7A7E}.Debug|Any CPU.ActiveCfg = Debug|Any CPU
		{9B1F5578-D302-429E-B049-F34881AE7A7E}.Debug|Any CPU.Build.0 = Debug|Any CPU
		{9B1F5578-D302-429E-B049-F34881AE7A7E}.Debug|x64.ActiveCfg = Debug|Any CPU
		{9B1F5578-D302-429E-B049-F34881AE7A7E}.Debug|x64.Build.0 = Debug|Any CPU
		{9B1F5578-D302-429E-B049-F34881AE7A7E}.Debug|x86.ActiveCfg = Debug|Any CPU
		{9B1F5578-D302-429E-B049-F34881AE7A7E}.Debug|x86.Build.0 = Debug|Any CPU
		{9B1F5578-D302-429E-B049-F34881AE7A7E}.Release|Any CPU.ActiveCfg = Release|Any CPU
		{9B1F5578-D302-429E-B049-F34881AE7A7E}.Release|Any CPU.Build.0 = Release|Any CPU
		{9B1F5578-D302-429E-B049-F34881AE7A7E}.Release|x64.ActiveCfg = Release|Any CPU
		{9B1F5578-D302-429E-B049-F34881AE7A7E}.Release|x64.Build.0 = Release|Any CPU
		{9B1F5578-D302-429E-B049-F34881AE7A7E}.Release|x86.ActiveCfg = Release|Any CPU
		{9B1F5578-D302-429E-B049-F34881AE7A7E}.Release|x86.Build.0 = Release|Any CPU
		{B1607CE8-DD79-4550-BCC4-22121B3C57A3}.Debug|Any CPU.ActiveCfg = Debug|Any CPU
		{B1607CE8-DD79-4550-BCC4-22121B3C57A3}.Debug|Any CPU.Build.0 = Debug|Any CPU
		{B1607CE8-DD79-4550-BCC4-22121B3C57A3}.Debug|x64.ActiveCfg = Debug|Any CPU
		{B1607CE8-DD79-4550-BCC4-22121B3C57A3}.Debug|x64.Build.0 = Debug|Any CPU
		{B1607CE8-DD79-4550-BCC4-22121B3C57A3}.Debug|x86.ActiveCfg = Debug|Any CPU
		{B1607CE8-DD79-4550-BCC4-22121B3C57A3}.Debug|x86.Build.0 = Debug|Any CPU
		{B1607CE8-DD79-4550-BCC4-22121B3C57A3}.Release|Any CPU.ActiveCfg = Release|Any CPU
		{B1607CE8-DD79-4550-BCC4-22121B3C57A3}.Release|Any CPU.Build.0 = Release|Any CPU
		{B1607CE8-DD79-4550-BCC4-22121B3C57A3}.Release|x64.ActiveCfg = Release|Any CPU
		{B1607CE8-DD79-4550-BCC4-22121B3C57A3}.Release|x64.Build.0 = Release|Any CPU
		{B1607CE8-DD79-4550-BCC4-22121B3C57A3}.Release|x86.ActiveCfg = Release|Any CPU
		{B1607CE8-DD79-4550-BCC4-22121B3C57A3}.Release|x86.Build.0 = Release|Any CPU
		{0FB2A4B1-FDE9-4FC4-99A8-872DAE38A443}.Debug|Any CPU.ActiveCfg = Debug|Any CPU
		{0FB2A4B1-FDE9-4FC4-99A8-872DAE38A443}.Debug|Any CPU.Build.0 = Debug|Any CPU
		{0FB2A4B1-FDE9-4FC4-99A8-872DAE38A443}.Debug|x64.ActiveCfg = Debug|Any CPU
		{0FB2A4B1-FDE9-4FC4-99A8-872DAE38A443}.Debug|x64.Build.0 = Debug|Any CPU
		{0FB2A4B1-FDE9-4FC4-99A8-872DAE38A443}.Debug|x86.ActiveCfg = Debug|Any CPU
		{0FB2A4B1-FDE9-4FC4-99A8-872DAE38A443}.Debug|x86.Build.0 = Debug|Any CPU
		{0FB2A4B1-FDE9-4FC4-99A8-872DAE38A443}.Release|Any CPU.ActiveCfg = Release|Any CPU
		{0FB2A4B1-FDE9-4FC4-99A8-872DAE38A443}.Release|Any CPU.Build.0 = Release|Any CPU
		{0FB2A4B1-FDE9-4FC4-99A8-872DAE38A443}.Release|x64.ActiveCfg = Release|Any CPU
		{0FB2A4B1-FDE9-4FC4-99A8-872DAE38A443}.Release|x64.Build.0 = Release|Any CPU
		{0FB2A4B1-FDE9-4FC4-99A8-872DAE38A443}.Release|x86.ActiveCfg = Release|Any CPU
		{0FB2A4B1-FDE9-4FC4-99A8-872DAE38A443}.Release|x86.Build.0 = Release|Any CPU
		{012981CA-65A1-42D5-8E81-2FFD92EBADBA}.Debug|Any CPU.ActiveCfg = Debug|Any CPU
		{012981CA-65A1-42D5-8E81-2FFD92EBADBA}.Debug|Any CPU.Build.0 = Debug|Any CPU
		{012981CA-65A1-42D5-8E81-2FFD92EBADBA}.Debug|x64.ActiveCfg = Debug|Any CPU
		{012981CA-65A1-42D5-8E81-2FFD92EBADBA}.Debug|x64.Build.0 = Debug|Any CPU
		{012981CA-65A1-42D5-8E81-2FFD92EBADBA}.Debug|x86.ActiveCfg = Debug|Any CPU
		{012981CA-65A1-42D5-8E81-2FFD92EBADBA}.Debug|x86.Build.0 = Debug|Any CPU
		{012981CA-65A1-42D5-8E81-2FFD92EBADBA}.Release|Any CPU.ActiveCfg = Release|Any CPU
		{012981CA-65A1-42D5-8E81-2FFD92EBADBA}.Release|Any CPU.Build.0 = Release|Any CPU
		{012981CA-65A1-42D5-8E81-2FFD92EBADBA}.Release|x64.ActiveCfg = Release|Any CPU
		{012981CA-65A1-42D5-8E81-2FFD92EBADBA}.Release|x64.Build.0 = Release|Any CPU
		{012981CA-65A1-42D5-8E81-2FFD92EBADBA}.Release|x86.ActiveCfg = Release|Any CPU
		{012981CA-65A1-42D5-8E81-2FFD92EBADBA}.Release|x86.Build.0 = Release|Any CPU
		{D3EEB62B-A8B1-45EF-A0D1-4CC84CF9B3FD}.Debug|Any CPU.ActiveCfg = Debug|Any CPU
		{D3EEB62B-A8B1-45EF-A0D1-4CC84CF9B3FD}.Debug|Any CPU.Build.0 = Debug|Any CPU
		{D3EEB62B-A8B1-45EF-A0D1-4CC84CF9B3FD}.Debug|x64.ActiveCfg = Debug|Any CPU
		{D3EEB62B-A8B1-45EF-A0D1-4CC84CF9B3FD}.Debug|x64.Build.0 = Debug|Any CPU
		{D3EEB62B-A8B1-45EF-A0D1-4CC84CF9B3FD}.Debug|x86.ActiveCfg = Debug|Any CPU
		{D3EEB62B-A8B1-45EF-A0D1-4CC84CF9B3FD}.Debug|x86.Build.0 = Debug|Any CPU
		{D3EEB62B-A8B1-45EF-A0D1-4CC84CF9B3FD}.Release|Any CPU.ActiveCfg = Release|Any CPU
		{D3EEB62B-A8B1-45EF-A0D1-4CC84CF9B3FD}.Release|Any CPU.Build.0 = Release|Any CPU
		{D3EEB62B-A8B1-45EF-A0D1-4CC84CF9B3FD}.Release|x64.ActiveCfg = Release|Any CPU
		{D3EEB62B-A8B1-45EF-A0D1-4CC84CF9B3FD}.Release|x64.Build.0 = Release|Any CPU
		{D3EEB62B-A8B1-45EF-A0D1-4CC84CF9B3FD}.Release|x86.ActiveCfg = Release|Any CPU
		{D3EEB62B-A8B1-45EF-A0D1-4CC84CF9B3FD}.Release|x86.Build.0 = Release|Any CPU
		{49486928-96C8-4C72-8D99-B91357AD2020}.Debug|Any CPU.ActiveCfg = Debug|Any CPU
		{49486928-96C8-4C72-8D99-B91357AD2020}.Debug|Any CPU.Build.0 = Debug|Any CPU
		{49486928-96C8-4C72-8D99-B91357AD2020}.Debug|x64.ActiveCfg = Debug|Any CPU
		{49486928-96C8-4C72-8D99-B91357AD2020}.Debug|x64.Build.0 = Debug|Any CPU
		{49486928-96C8-4C72-8D99-B91357AD2020}.Debug|x86.ActiveCfg = Debug|Any CPU
		{49486928-96C8-4C72-8D99-B91357AD2020}.Debug|x86.Build.0 = Debug|Any CPU
		{49486928-96C8-4C72-8D99-B91357AD2020}.Release|Any CPU.ActiveCfg = Release|Any CPU
		{49486928-96C8-4C72-8D99-B91357AD2020}.Release|Any CPU.Build.0 = Release|Any CPU
		{49486928-96C8-4C72-8D99-B91357AD2020}.Release|x64.ActiveCfg = Release|Any CPU
		{49486928-96C8-4C72-8D99-B91357AD2020}.Release|x64.Build.0 = Release|Any CPU
		{49486928-96C8-4C72-8D99-B91357AD2020}.Release|x86.ActiveCfg = Release|Any CPU
		{49486928-96C8-4C72-8D99-B91357AD2020}.Release|x86.Build.0 = Release|Any CPU
		{F8AB632B-A742-488C-9101-B1DB4CECE4FC}.Debug|Any CPU.ActiveCfg = Debug|Any CPU
		{F8AB632B-A742-488C-9101-B1DB4CECE4FC}.Debug|Any CPU.Build.0 = Debug|Any CPU
		{F8AB632B-A742-488C-9101-B1DB4CECE4FC}.Debug|x64.ActiveCfg = Debug|Any CPU
		{F8AB632B-A742-488C-9101-B1DB4CECE4FC}.Debug|x64.Build.0 = Debug|Any CPU
		{F8AB632B-A742-488C-9101-B1DB4CECE4FC}.Debug|x86.ActiveCfg = Debug|Any CPU
		{F8AB632B-A742-488C-9101-B1DB4CECE4FC}.Debug|x86.Build.0 = Debug|Any CPU
		{F8AB632B-A742-488C-9101-B1DB4CECE4FC}.Release|Any CPU.ActiveCfg = Release|Any CPU
		{F8AB632B-A742-488C-9101-B1DB4CECE4FC}.Release|Any CPU.Build.0 = Release|Any CPU
		{F8AB632B-A742-488C-9101-B1DB4CECE4FC}.Release|x64.ActiveCfg = Release|Any CPU
		{F8AB632B-A742-488C-9101-B1DB4CECE4FC}.Release|x64.Build.0 = Release|Any CPU
		{F8AB632B-A742-488C-9101-B1DB4CECE4FC}.Release|x86.ActiveCfg = Release|Any CPU
		{F8AB632B-A742-488C-9101-B1DB4CECE4FC}.Release|x86.Build.0 = Release|Any CPU
		{45740971-ADB5-4F8B-8AB0-64DD2297D68B}.Debug|Any CPU.ActiveCfg = Debug|Any CPU
		{45740971-ADB5-4F8B-8AB0-64DD2297D68B}.Debug|Any CPU.Build.0 = Debug|Any CPU
		{45740971-ADB5-4F8B-8AB0-64DD2297D68B}.Debug|x64.ActiveCfg = Debug|Any CPU
		{45740971-ADB5-4F8B-8AB0-64DD2297D68B}.Debug|x64.Build.0 = Debug|Any CPU
		{45740971-ADB5-4F8B-8AB0-64DD2297D68B}.Debug|x86.ActiveCfg = Debug|Any CPU
		{45740971-ADB5-4F8B-8AB0-64DD2297D68B}.Debug|x86.Build.0 = Debug|Any CPU
		{45740971-ADB5-4F8B-8AB0-64DD2297D68B}.Release|Any CPU.ActiveCfg = Release|Any CPU
		{45740971-ADB5-4F8B-8AB0-64DD2297D68B}.Release|Any CPU.Build.0 = Release|Any CPU
		{45740971-ADB5-4F8B-8AB0-64DD2297D68B}.Release|x64.ActiveCfg = Release|Any CPU
		{45740971-ADB5-4F8B-8AB0-64DD2297D68B}.Release|x64.Build.0 = Release|Any CPU
		{45740971-ADB5-4F8B-8AB0-64DD2297D68B}.Release|x86.ActiveCfg = Release|Any CPU
		{45740971-ADB5-4F8B-8AB0-64DD2297D68B}.Release|x86.Build.0 = Release|Any CPU
	EndGlobalSection
	GlobalSection(SolutionProperties) = preSolution
		HideSolutionNode = FALSE
	EndGlobalSection
	GlobalSection(ExtensibilityGlobals) = postSolution
		SolutionGuid = {9D04ED1A-9517-4C3B-9E3E-D2365206D349}
	EndGlobalSection
EndGlobal
